
Microsoft Visual Studio Solution File, Format Version 12.00
# Visual Studio 15
VisualStudioVersion = 15.0.27004.2010
MinimumVisualStudioVersion = 10.0.40219.1
Project("{8BC9CEB8-8B4A-11D0-8D11-00A0C91BC942}") = "ConsoleApplication1", "ConsoleApplication1\ConsoleApplication1.vcxproj", "{21B891A6-EC6D-4170-BEC8-6AE16E0B9F24}"
EndProject
Global
	GlobalSection(SolutionConfigurationPlatforms) = preSolution
		Debug|x64 = Debug|x64
		Debug|x86 = Debug|x86
		Release|x64 = Release|x64
		Release|x86 = Release|x86
	EndGlobalSection
	GlobalSection(ProjectConfigurationPlatforms) = postSolution
		{21B891A6-EC6D-4170-BEC8-6AE16E0B9F24}.Debug|x64.ActiveCfg = Debug|x64
		{21B891A6-EC6D-4170-BEC8-6AE16E0B9F24}.Debug|x64.Build.0 = Debug|x64
		{21B891A6-EC6D-4170-BEC8-6AE16E0B9F24}.Debug|x86.ActiveCfg = Debug|Win32
		{21B891A6-EC6D-4170-BEC8-6AE16E0B9F24}.Debug|x86.Build.0 = Debug|Win32
		{21B891A6-EC6D-4170-BEC8-6AE16E0B9F24}.Release|x64.ActiveCfg = Release|x64
		{21B891A6-EC6D-4170-BEC8-6AE16E0B9F24}.Release|x64.Build.0 = Release|x64
		{21B891A6-EC6D-4170-BEC8-6AE16E0B9F24}.Release|x86.ActiveCfg = Release|Win32
		{21B891A6-EC6D-4170-BEC8-6AE16E0B9F24}.Release|x86.Build.0 = Release|Win32
	EndGlobalSection
	GlobalSection(SolutionProperties) = preSolution
		HideSolutionNode = FALSE
	EndGlobalSection
	GlobalSection(ExtensibilityGlobals) = postSolution
		SolutionGuid = {B3DD9E71-BBC9-476C-B856-145F66F52E91}
	EndGlobalSection
EndGlobal
